
Microsoft Visual Studio Solution File, Format Version 12.00
# Visual Studio Version 16
VisualStudioVersion = 16.0.30320.27
MinimumVisualStudioVersion = 10.0.40219.1
Project("{8BC9CEB8-8B4A-11D0-8D11-00A0C91BC942}") = "DLGPcpp", "DLGPcpp.vcxproj", "{797A94EC-6B86-4669-8D05-1E6C8C92A9E1}"
EndProject
Global
	GlobalSection(SolutionConfigurationPlatforms) = preSolution
		Debug|x64 = Debug|x64
		Debug|x86 = Debug|x86
		Release|x64 = Release|x64
		Release|x86 = Release|x86
	EndGlobalSection
	GlobalSection(ProjectConfigurationPlatforms) = postSolution
		{797A94EC-6B86-4669-8D05-1E6C8C92A9E1}.Debug|x64.ActiveCfg = Debug|x64
		{797A94EC-6B86-4669-8D05-1E6C8C92A9E1}.Debug|x64.Build.0 = Debug|x64
		{797A94EC-6B86-4669-8D05-1E6C8C92A9E1}.Debug|x86.ActiveCfg = Debug|Win32
		{797A94EC-6B86-4669-8D05-1E6C8C92A9E1}.Debug|x86.Build.0 = Debug|Win32
		{797A94EC-6B86-4669-8D05-1E6C8C92A9E1}.Release|x64.ActiveCfg = Release|x64
		{797A94EC-6B86-4669-8D05-1E6C8C92A9E1}.Release|x64.Build.0 = Release|x64
		{797A94EC-6B86-4669-8D05-1E6C8C92A9E1}.Release|x86.ActiveCfg = Release|Win32
		{797A94EC-6B86-4669-8D05-1E6C8C92A9E1}.Release|x86.Build.0 = Release|Win32
	EndGlobalSection
	GlobalSection(SolutionProperties) = preSolution
		HideSolutionNode = FALSE
	EndGlobalSection
	GlobalSection(ExtensibilityGlobals) = postSolution
		SolutionGuid = {1E372620-D89B-42DD-A120-B42E4512EAFB}
	EndGlobalSection
EndGlobal
